{
    "_readme": [
        "This file locks the dependencies of your project to a known state",
        "Read more about it at https://getcomposer.org/doc/01-basic-usage.md#installing-dependencies",
        "This file is @generated automatically"
    ],
    "content-hash": "7b2c41e82db047bc3200fff10709074a",
    "packages": [
        {
            "name": "phpclasses/simple-xlsx",
            "version": "0.7.12",
            "dist": {
                "type": "zip",
                "url": "https://www.phpclasses.org/install/package/simple-xlsx.zip",
                "reference": null,
                "shasum": null
            },
            "type": "library",
            "autoload": {
                "classmap": [
                    "simplexlsx.class.php"
                ]
            }
        }
    ],
    "packages-dev": [],
    "aliases": [],
    "minimum-stability": "stable",
    "stability-flags": [],
    "prefer-stable": false,
    "prefer-lowest": false,
    "platform": [],
    "platform-dev": []
}
